
Microsoft Visual Studio Solution File, Format Version 12.00
# Visual Studio Version 16
VisualStudioVersion = 16.0.30907.101
MinimumVisualStudioVersion = 10.0.40219.1
Project("{FAE04EC0-301F-11D3-BF4B-00C04F79EFBC}") = "Lab1", "Lab1\Lab1.csproj", "{3B0CF485-5825-4EB6-8A1A-AA307B518DE5}"
EndProject
Global
	GlobalSection(SolutionConfigurationPlatforms) = preSolution
		Debug|Any CPU = Debug|Any CPU
		Release|Any CPU = Release|Any CPU
	EndGlobalSection
	GlobalSection(ProjectConfigurationPlatforms) = postSolution
		{3B0CF485-5825-4EB6-8A1A-AA307B518DE5}.Debug|Any CPU.ActiveCfg = Debug|Any CPU
		{3B0CF485-5825-4EB6-8A1A-AA307B518DE5}.Debug|Any CPU.Build.0 = Debug|Any CPU
		{3B0CF485-5825-4EB6-8A1A-AA307B518DE5}.Release|Any CPU.ActiveCfg = Release|Any CPU
		{3B0CF485-5825-4EB6-8A1A-AA307B518DE5}.Release|Any CPU.Build.0 = Release|Any CPU
	EndGlobalSection
	GlobalSection(SolutionProperties) = preSolution
		HideSolutionNode = FALSE
	EndGlobalSection
	GlobalSection(ExtensibilityGlobals) = postSolution
		SolutionGuid = {C9E48186-0B53-45F9-82BA-EBBFC9D5EDD4}
	EndGlobalSection
EndGlobal
